Microsoft Visual Studio Solution File, Format Version 12.00
# Visual Studio 15
VisualStudioVersion = 15.0.26730.16
MinimumVisualStudioVersion = 10.0.40219.1
Project("{8BC9CEB8-8B4A-11D0-8D11-00A0C91BC942}") = "ALL_BUILD", "build.win\ALL_BUILD.vcxproj", "{117363C9-F3AD-37B8-A256-D9B9F0A21F01}"
	ProjectSection(ProjectDependencies) = postProject
		{43E9118A-1D36-3B7E-B1DF-62D42698AD21} = {43E9118A-1D36-3B7E-B1DF-62D42698AD21}
		{A987DA9A-4605-3786-83A5-2BD89E8DD85D} = {A987DA9A-4605-3786-83A5-2BD89E8DD85D}
		{2C6592AD-45E2-3A53-8854-309374DE0232} = {2C6592AD-45E2-3A53-8854-309374DE0232}
		{83F11A74-3642-3C7D-A393-AFCEE48933D0} = {83F11A74-3642-3C7D-A393-AFCEE48933D0}
		{9CB6E059-2455-33C8-A655-8D1CAB27C4BC} = {9CB6E059-2455-33C8-A655-8D1CAB27C4BC}
		{22813F9D-6EA9-3B91-A8F4-C10C123761F2} = {22813F9D-6EA9-3B91-A8F4-C10C123761F2}
		{EF1E50E9-2A2A-3D9D-B057-C49EE10F7F11} = {EF1E50E9-2A2A-3D9D-B057-C49EE10F7F11}
		{9C575202-1CB1-3D1B-A1A6-D500D2174A5F} = {9C575202-1CB1-3D1B-A1A6-D500D2174A5F}
		{F9F8EFDD-B3F2-321E-B941-69D05AEADF98} = {F9F8EFDD-B3F2-321E-B941-69D05AEADF98}
		{504A33E3-4F55-3068-A4C9-248C2026BB17} = {504A33E3-4F55-3068-A4C9-248C2026BB17}
		{D6300AB1-E88E-3185-A44F-3959BCCF7E34} = {D6300AB1-E88E-3185-A44F-3959BCCF7E34}
		{F6B42AF0-D165-3C8A-8A37-982360DCBBC2} = {F6B42AF0-D165-3C8A-8A37-982360DCBBC2}
	EndProjectSection
EndProject
Project("{8BC9CEB8-8B4A-11D0-8D11-00A0C91BC942}") = "INSTALL", "build.win\INSTALL.vcxproj", "{4E275A99-C486-372F-9613-C0BFF0104137}"
	ProjectSection(ProjectDependencies) = postProject
		{117363C9-F3AD-37B8-A256-D9B9F0A21F01} = {117363C9-F3AD-37B8-A256-D9B9F0A21F01}
		{43E9118A-1D36-3B7E-B1DF-62D42698AD21} = {43E9118A-1D36-3B7E-B1DF-62D42698AD21}
	EndProjectSection
EndProject
Project("{8BC9CEB8-8B4A-11D0-8D11-00A0C91BC942}") = "ZERO_CHECK", "build.win\ZERO_CHECK.vcxproj", "{43E9118A-1D36-3B7E-B1DF-62D42698AD21}"
EndProject
Project("{8BC9CEB8-8B4A-11D0-8D11-00A0C91BC942}") = "vipre", "build.win\src\vipre\vipre.vcxproj", "{A987DA9A-4605-3786-83A5-2BD89E8DD85D}"
	ProjectSection(ProjectDependencies) = postProject
		{43E9118A-1D36-3B7E-B1DF-62D42698AD21} = {43E9118A-1D36-3B7E-B1DF-62D42698AD21}
	EndProjectSection
EndProject
Project("{8BC9CEB8-8B4A-11D0-8D11-00A0C91BC942}") = "vipreDICOM", "build.win\src\vipreDICOM\vipreDICOM.vcxproj", "{2C6592AD-45E2-3A53-8854-309374DE0232}"
	ProjectSection(ProjectDependencies) = postProject
		{43E9118A-1D36-3B7E-B1DF-62D42698AD21} = {43E9118A-1D36-3B7E-B1DF-62D42698AD21}
		{A987DA9A-4605-3786-83A5-2BD89E8DD85D} = {A987DA9A-4605-3786-83A5-2BD89E8DD85D}
	EndProjectSection
EndProject
Project("{8BC9CEB8-8B4A-11D0-8D11-00A0C91BC942}") = "vipreDICOMSeriesBuilder", "build.win\examples\vipreDICOMSeriesBuilder\vipreDICOMSeriesBuilder.vcxproj", "{83F11A74-3642-3C7D-A393-AFCEE48933D0}"
	ProjectSection(ProjectDependencies) = postProject
		{43E9118A-1D36-3B7E-B1DF-62D42698AD21} = {43E9118A-1D36-3B7E-B1DF-62D42698AD21}
		{A987DA9A-4605-3786-83A5-2BD89E8DD85D} = {A987DA9A-4605-3786-83A5-2BD89E8DD85D}
		{2C6592AD-45E2-3A53-8854-309374DE0232} = {2C6592AD-45E2-3A53-8854-309374DE0232}
	EndProjectSection
EndProject
Project("{8BC9CEB8-8B4A-11D0-8D11-00A0C91BC942}") = "vipreDICOMSeriesInfo", "build.win\examples\vipreDICOMSeriesInfo\vipreDICOMSeriesInfo.vcxproj", "{9CB6E059-2455-33C8-A655-8D1CAB27C4BC}"
	ProjectSection(ProjectDependencies) = postProject
		{43E9118A-1D36-3B7E-B1DF-62D42698AD21} = {43E9118A-1D36-3B7E-B1DF-62D42698AD21}
		{A987DA9A-4605-3786-83A5-2BD89E8DD85D} = {A987DA9A-4605-3786-83A5-2BD89E8DD85D}
		{2C6592AD-45E2-3A53-8854-309374DE0232} = {2C6592AD-45E2-3A53-8854-309374DE0232}
	EndProjectSection
EndProject
Project("{8BC9CEB8-8B4A-11D0-8D11-00A0C91BC942}") = "vipreDICOMSliceInfo", "build.win\examples\vipreDICOMSliceInfo\vipreDICOMSliceInfo.vcxproj", "{22813F9D-6EA9-3B91-A8F4-C10C123761F2}"
	ProjectSection(ProjectDependencies) = postProject
		{43E9118A-1D36-3B7E-B1DF-62D42698AD21} = {43E9118A-1D36-3B7E-B1DF-62D42698AD21}
		{A987DA9A-4605-3786-83A5-2BD89E8DD85D} = {A987DA9A-4605-3786-83A5-2BD89E8DD85D}
		{2C6592AD-45E2-3A53-8854-309374DE0232} = {2C6592AD-45E2-3A53-8854-309374DE0232}
	EndProjectSection
EndProject
Project("{8BC9CEB8-8B4A-11D0-8D11-00A0C91BC942}") = "vipreDefense", "build.win\examples\vipreDefense\vipreDefense.vcxproj", "{EF1E50E9-2A2A-3D9D-B057-C49EE10F7F11}"
	ProjectSection(ProjectDependencies) = postProject
		{43E9118A-1D36-3B7E-B1DF-62D42698AD21} = {43E9118A-1D36-3B7E-B1DF-62D42698AD21}
		{A987DA9A-4605-3786-83A5-2BD89E8DD85D} = {A987DA9A-4605-3786-83A5-2BD89E8DD85D}
		{2C6592AD-45E2-3A53-8854-309374DE0232} = {2C6592AD-45E2-3A53-8854-309374DE0232}
	EndProjectSection
EndProject
Project("{8BC9CEB8-8B4A-11D0-8D11-00A0C91BC942}") = "vipreLighting", "build.win\examples\vipreLighting\vipreLighting.vcxproj", "{9C575202-1CB1-3D1B-A1A6-D500D2174A5F}"
	ProjectSection(ProjectDependencies) = postProject
		{43E9118A-1D36-3B7E-B1DF-62D42698AD21} = {43E9118A-1D36-3B7E-B1DF-62D42698AD21}
		{A987DA9A-4605-3786-83A5-2BD89E8DD85D} = {A987DA9A-4605-3786-83A5-2BD89E8DD85D}
		{2C6592AD-45E2-3A53-8854-309374DE0232} = {2C6592AD-45E2-3A53-8854-309374DE0232}
	EndProjectSection
EndProject
Project("{8BC9CEB8-8B4A-11D0-8D11-00A0C91BC942}") = "vipreNotificationCenter", "build.win\examples\vipreNotificationCenter\vipreNotificationCenter.vcxproj", "{F9F8EFDD-B3F2-321E-B941-69D05AEADF98}"
	ProjectSection(ProjectDependencies) = postProject
		{43E9118A-1D36-3B7E-B1DF-62D42698AD21} = {43E9118A-1D36-3B7E-B1DF-62D42698AD21}
		{A987DA9A-4605-3786-83A5-2BD89E8DD85D} = {A987DA9A-4605-3786-83A5-2BD89E8DD85D}
	EndProjectSection
EndProject
Project("{8BC9CEB8-8B4A-11D0-8D11-00A0C91BC942}") = "vipreOctree", "build.win\examples\vipreOctree\vipreOctree.vcxproj", "{504A33E3-4F55-3068-A4C9-248C2026BB17}"
	ProjectSection(ProjectDependencies) = postProject
		{43E9118A-1D36-3B7E-B1DF-62D42698AD21} = {43E9118A-1D36-3B7E-B1DF-62D42698AD21}
		{A987DA9A-4605-3786-83A5-2BD89E8DD85D} = {A987DA9A-4605-3786-83A5-2BD89E8DD85D}
		{2C6592AD-45E2-3A53-8854-309374DE0232} = {2C6592AD-45E2-3A53-8854-309374DE0232}
	EndProjectSection
EndProject
Project("{8BC9CEB8-8B4A-11D0-8D11-00A0C91BC942}") = "viprePrerenderPass", "build.win\examples\viprePrerenderPass\viprePrerenderPass.vcxproj", "{D6300AB1-E88E-3185-A44F-3959BCCF7E34}"
	ProjectSection(ProjectDependencies) = postProject
		{43E9118A-1D36-3B7E-B1DF-62D42698AD21} = {43E9118A-1D36-3B7E-B1DF-62D42698AD21}
		{A987DA9A-4605-3786-83A5-2BD89E8DD85D} = {A987DA9A-4605-3786-83A5-2BD89E8DD85D}
		{2C6592AD-45E2-3A53-8854-309374DE0232} = {2C6592AD-45E2-3A53-8854-309374DE0232}
	EndProjectSection
EndProject
Project("{8BC9CEB8-8B4A-11D0-8D11-00A0C91BC942}") = "vipreSliceViewerOSG", "build.win\examples\vipreSliceViewerOSG\vipreSliceViewerOSG.vcxproj", "{F6B42AF0-D165-3C8A-8A37-982360DCBBC2}"
	ProjectSection(ProjectDependencies) = postProject
		{43E9118A-1D36-3B7E-B1DF-62D42698AD21} = {43E9118A-1D36-3B7E-B1DF-62D42698AD21}
		{A987DA9A-4605-3786-83A5-2BD89E8DD85D} = {A987DA9A-4605-3786-83A5-2BD89E8DD85D}
		{2C6592AD-45E2-3A53-8854-309374DE0232} = {2C6592AD-45E2-3A53-8854-309374DE0232}
	EndProjectSection
EndProject
Global
	GlobalSection(SolutionConfigurationPlatforms) = preSolution
		Debug|x64 = Debug|x64
		MinSizeRel|x64 = MinSizeRel|x64
		Release|x64 = Release|x64
		RelWithDebInfo|x64 = RelWithDebInfo|x64
	EndGlobalSection
	GlobalSection(ProjectConfigurationPlatforms) = postSolution
		{117363C9-F3AD-37B8-A256-D9B9F0A21F01}.Debug|x64.ActiveCfg = Debug|x64
		{117363C9-F3AD-37B8-A256-D9B9F0A21F01}.Debug|x64.Build.0 = Debug|x64
		{117363C9-F3AD-37B8-A256-D9B9F0A21F01}.MinSizeRel|x64.ActiveCfg = MinSizeRel|x64
		{117363C9-F3AD-37B8-A256-D9B9F0A21F01}.MinSizeRel|x64.Build.0 = MinSizeRel|x64
		{117363C9-F3AD-37B8-A256-D9B9F0A21F01}.Release|x64.ActiveCfg = Release|x64
		{117363C9-F3AD-37B8-A256-D9B9F0A21F01}.Release|x64.Build.0 = Release|x64
		{117363C9-F3AD-37B8-A256-D9B9F0A21F01}.RelWithDebInfo|x64.ActiveCfg = RelWithDebInfo|x64
		{117363C9-F3AD-37B8-A256-D9B9F0A21F01}.RelWithDebInfo|x64.Build.0 = RelWithDebInfo|x64
		{4E275A99-C486-372F-9613-C0BFF0104137}.Debug|x64.ActiveCfg = Debug|x64
		{4E275A99-C486-372F-9613-C0BFF0104137}.MinSizeRel|x64.ActiveCfg = MinSizeRel|x64
		{4E275A99-C486-372F-9613-C0BFF0104137}.Release|x64.ActiveCfg = Release|x64
		{4E275A99-C486-372F-9613-C0BFF0104137}.RelWithDebInfo|x64.ActiveCfg = RelWithDebInfo|x64
		{43E9118A-1D36-3B7E-B1DF-62D42698AD21}.Debug|x64.ActiveCfg = Debug|x64
		{43E9118A-1D36-3B7E-B1DF-62D42698AD21}.Debug|x64.Build.0 = Debug|x64
		{43E9118A-1D36-3B7E-B1DF-62D42698AD21}.MinSizeRel|x64.ActiveCfg = MinSizeRel|x64
		{43E9118A-1D36-3B7E-B1DF-62D42698AD21}.MinSizeRel|x64.Build.0 = MinSizeRel|x64
		{43E9118A-1D36-3B7E-B1DF-62D42698AD21}.Release|x64.ActiveCfg = Release|x64
		{43E9118A-1D36-3B7E-B1DF-62D42698AD21}.Release|x64.Build.0 = Release|x64
		{43E9118A-1D36-3B7E-B1DF-62D42698AD21}.RelWithDebInfo|x64.ActiveCfg = RelWithDebInfo|x64
		{43E9118A-1D36-3B7E-B1DF-62D42698AD21}.RelWithDebInfo|x64.Build.0 = RelWithDebInfo|x64
		{A987DA9A-4605-3786-83A5-2BD89E8DD85D}.Debug|x64.ActiveCfg = Debug|x64
		{A987DA9A-4605-3786-83A5-2BD89E8DD85D}.Debug|x64.Build.0 = Debug|x64
		{A987DA9A-4605-3786-83A5-2BD89E8DD85D}.MinSizeRel|x64.ActiveCfg = MinSizeRel|x64
		{A987DA9A-4605-3786-83A5-2BD89E8DD85D}.MinSizeRel|x64.Build.0 = MinSizeRel|x64
		{A987DA9A-4605-3786-83A5-2BD89E8DD85D}.Release|x64.ActiveCfg = Release|x64
		{A987DA9A-4605-3786-83A5-2BD89E8DD85D}.Release|x64.Build.0 = Release|x64
		{A987DA9A-4605-3786-83A5-2BD89E8DD85D}.RelWithDebInfo|x64.ActiveCfg = RelWithDebInfo|x64
		{A987DA9A-4605-3786-83A5-2BD89E8DD85D}.RelWithDebInfo|x64.Build.0 = RelWithDebInfo|x64
		{2C6592AD-45E2-3A53-8854-309374DE0232}.Debug|x64.ActiveCfg = Debug|x64
		{2C6592AD-45E2-3A53-8854-309374DE0232}.Debug|x64.Build.0 = Debug|x64
		{2C6592AD-45E2-3A53-8854-309374DE0232}.MinSizeRel|x64.ActiveCfg = MinSizeRel|x64
		{2C6592AD-45E2-3A53-8854-309374DE0232}.MinSizeRel|x64.Build.0 = MinSizeRel|x64
		{2C6592AD-45E2-3A53-8854-309374DE0232}.Release|x64.ActiveCfg = Release|x64
		{2C6592AD-45E2-3A53-8854-309374DE0232}.Release|x64.Build.0 = Release|x64
		{2C6592AD-45E2-3A53-8854-309374DE0232}.RelWithDebInfo|x64.ActiveCfg = RelWithDebInfo|x64
		{2C6592AD-45E2-3A53-8854-309374DE0232}.RelWithDebInfo|x64.Build.0 = RelWithDebInfo|x64
		{83F11A74-3642-3C7D-A393-AFCEE48933D0}.Debug|x64.ActiveCfg = Debug|x64
		{83F11A74-3642-3C7D-A393-AFCEE48933D0}.Debug|x64.Build.0 = Debug|x64
		{83F11A74-3642-3C7D-A393-AFCEE48933D0}.MinSizeRel|x64.ActiveCfg = MinSizeRel|x64
		{83F11A74-3642-3C7D-A393-AFCEE48933D0}.MinSizeRel|x64.Build.0 = MinSizeRel|x64
		{83F11A74-3642-3C7D-A393-AFCEE48933D0}.Release|x64.ActiveCfg = Release|x64
		{83F11A74-3642-3C7D-A393-AFCEE48933D0}.Release|x64.Build.0 = Release|x64
		{83F11A74-3642-3C7D-A393-AFCEE48933D0}.RelWithDebInfo|x64.ActiveCfg = RelWithDebInfo|x64
		{83F11A74-3642-3C7D-A393-AFCEE48933D0}.RelWithDebInfo|x64.Build.0 = RelWithDebInfo|x64
		{9CB6E059-2455-33C8-A655-8D1CAB27C4BC}.Debug|x64.ActiveCfg = Debug|x64
		{9CB6E059-2455-33C8-A655-8D1CAB27C4BC}.Debug|x64.Build.0 = Debug|x64
		{9CB6E059-2455-33C8-A655-8D1CAB27C4BC}.MinSizeRel|x64.ActiveCfg = MinSizeRel|x64
		{9CB6E059-2455-33C8-A655-8D1CAB27C4BC}.MinSizeRel|x64.Build.0 = MinSizeRel|x64
		{9CB6E059-2455-33C8-A655-8D1CAB27C4BC}.Release|x64.ActiveCfg = Release|x64
		{9CB6E059-2455-33C8-A655-8D1CAB27C4BC}.Release|x64.Build.0 = Release|x64
		{9CB6E059-2455-33C8-A655-8D1CAB27C4BC}.RelWithDebInfo|x64.ActiveCfg = RelWithDebInfo|x64
		{9CB6E059-2455-33C8-A655-8D1CAB27C4BC}.RelWithDebInfo|x64.Build.0 = RelWithDebInfo|x64
		{22813F9D-6EA9-3B91-A8F4-C10C123761F2}.Debug|x64.ActiveCfg = Debug|x64
		{22813F9D-6EA9-3B91-A8F4-C10C123761F2}.Debug|x64.Build.0 = Debug|x64
		{22813F9D-6EA9-3B91-A8F4-C10C123761F2}.MinSizeRel|x64.ActiveCfg = MinSizeRel|x64
		{22813F9D-6EA9-3B91-A8F4-C10C123761F2}.MinSizeRel|x64.Build.0 = MinSizeRel|x64
		{22813F9D-6EA9-3B91-A8F4-C10C123761F2}.Release|x64.ActiveCfg = Release|x64
		{22813F9D-6EA9-3B91-A8F4-C10C123761F2}.Release|x64.Build.0 = Release|x64
		{22813F9D-6EA9-3B91-A8F4-C10C123761F2}.RelWithDebInfo|x64.ActiveCfg = RelWithDebInfo|x64
		{22813F9D-6EA9-3B91-A8F4-C10C123761F2}.RelWithDebInfo|x64.Build.0 = RelWithDebInfo|x64
		{EF1E50E9-2A2A-3D9D-B057-C49EE10F7F11}.Debug|x64.ActiveCfg = Debug|x64
		{EF1E50E9-2A2A-3D9D-B057-C49EE10F7F11}.Debug|x64.Build.0 = Debug|x64
		{EF1E50E9-2A2A-3D9D-B057-C49EE10F7F11}.MinSizeRel|x64.ActiveCfg = MinSizeRel|x64
		{EF1E50E9-2A2A-3D9D-B057-C49EE10F7F11}.MinSizeRel|x64.Build.0 = MinSizeRel|x64
		{EF1E50E9-2A2A-3D9D-B057-C49EE10F7F11}.Release|x64.ActiveCfg = Release|x64
		{EF1E50E9-2A2A-3D9D-B057-C49EE10F7F11}.Release|x64.Build.0 = Release|x64
		{EF1E50E9-2A2A-3D9D-B057-C49EE10F7F11}.RelWithDebInfo|x64.ActiveCfg = RelWithDebInfo|x64
		{EF1E50E9-2A2A-3D9D-B057-C49EE10F7F11}.RelWithDebInfo|x64.Build.0 = RelWithDebInfo|x64
		{9C575202-1CB1-3D1B-A1A6-D500D2174A5F}.Debug|x64.ActiveCfg = Debug|x64
		{9C575202-1CB1-3D1B-A1A6-D500D2174A5F}.Debug|x64.Build.0 = Debug|x64
		{9C575202-1CB1-3D1B-A1A6-D500D2174A5F}.MinSizeRel|x64.ActiveCfg = MinSizeRel|x64
		{9C575202-1CB1-3D1B-A1A6-D500D2174A5F}.MinSizeRel|x64.Build.0 = MinSizeRel|x64
		{9C575202-1CB1-3D1B-A1A6-D500D2174A5F}.Release|x64.ActiveCfg = Release|x64
		{9C575202-1CB1-3D1B-A1A6-D500D2174A5F}.Release|x64.Build.0 = Release|x64
		{9C575202-1CB1-3D1B-A1A6-D500D2174A5F}.RelWithDebInfo|x64.ActiveCfg = RelWithDebInfo|x64
		{9C575202-1CB1-3D1B-A1A6-D500D2174A5F}.RelWithDebInfo|x64.Build.0 = RelWithDebInfo|x64
		{F9F8EFDD-B3F2-321E-B941-69D05AEADF98}.Debug|x64.ActiveCfg = Debug|x64
		{F9F8EFDD-B3F2-321E-B941-69D05AEADF98}.Debug|x64.Build.0 = Debug|x64
		{F9F8EFDD-B3F2-321E-B941-69D05AEADF98}.MinSizeRel|x64.ActiveCfg = MinSizeRel|x64
		{F9F8EFDD-B3F2-321E-B941-69D05AEADF98}.MinSizeRel|x64.Build.0 = MinSizeRel|x64
		{F9F8EFDD-B3F2-321E-B941-69D05AEADF98}.Release|x64.ActiveCfg = Release|x64
		{F9F8EFDD-B3F2-321E-B941-69D05AEADF98}.Release|x64.Build.0 = Release|x64
		{F9F8EFDD-B3F2-321E-B941-69D05AEADF98}.RelWithDebInfo|x64.ActiveCfg = RelWithDebInfo|x64
		{F9F8EFDD-B3F2-321E-B941-69D05AEADF98}.RelWithDebInfo|x64.Build.0 = RelWithDebInfo|x64
		{504A33E3-4F55-3068-A4C9-248C2026BB17}.Debug|x64.ActiveCfg = Debug|x64
		{504A33E3-4F55-3068-A4C9-248C2026BB17}.Debug|x64.Build.0 = Debug|x64
		{504A33E3-4F55-3068-A4C9-248C2026BB17}.MinSizeRel|x64.ActiveCfg = MinSizeRel|x64
		{504A33E3-4F55-3068-A4C9-248C2026BB17}.MinSizeRel|x64.Build.0 = MinSizeRel|x64
		{504A33E3-4F55-3068-A4C9-248C2026BB17}.Release|x64.ActiveCfg = Release|x64
		{504A33E3-4F55-3068-A4C9-248C2026BB17}.Release|x64.Build.0 = Release|x64
		{504A33E3-4F55-3068-A4C9-248C2026BB17}.RelWithDebInfo|x64.ActiveCfg = RelWithDebInfo|x64
		{504A33E3-4F55-3068-A4C9-248C2026BB17}.RelWithDebInfo|x64.Build.0 = RelWithDebInfo|x64
		{D6300AB1-E88E-3185-A44F-3959BCCF7E34}.Debug|x64.ActiveCfg = Debug|x64
		{D6300AB1-E88E-3185-A44F-3959BCCF7E34}.Debug|x64.Build.0 = Debug|x64
		{D6300AB1-E88E-3185-A44F-3959BCCF7E34}.MinSizeRel|x64.ActiveCfg = MinSizeRel|x64
		{D6300AB1-E88E-3185-A44F-3959BCCF7E34}.MinSizeRel|x64.Build.0 = MinSizeRel|x64
		{D6300AB1-E88E-3185-A44F-3959BCCF7E34}.Release|x64.ActiveCfg = Release|x64
		{D6300AB1-E88E-3185-A44F-3959BCCF7E34}.Release|x64.Build.0 = Release|x64
		{D6300AB1-E88E-3185-A44F-3959BCCF7E34}.RelWithDebInfo|x64.ActiveCfg = RelWithDebInfo|x64
		{D6300AB1-E88E-3185-A44F-3959BCCF7E34}.RelWithDebInfo|x64.Build.0 = RelWithDebInfo|x64
		{F6B42AF0-D165-3C8A-8A37-982360DCBBC2}.Debug|x64.ActiveCfg = Debug|x64
		{F6B42AF0-D165-3C8A-8A37-982360DCBBC2}.Debug|x64.Build.0 = Debug|x64
		{F6B42AF0-D165-3C8A-8A37-982360DCBBC2}.MinSizeRel|x64.ActiveCfg = MinSizeRel|x64
		{F6B42AF0-D165-3C8A-8A37-982360DCBBC2}.MinSizeRel|x64.Build.0 = MinSizeRel|x64
		{F6B42AF0-D165-3C8A-8A37-982360DCBBC2}.Release|x64.ActiveCfg = Release|x64
		{F6B42AF0-D165-3C8A-8A37-982360DCBBC2}.Release|x64.Build.0 = Release|x64
		{F6B42AF0-D165-3C8A-8A37-982360DCBBC2}.RelWithDebInfo|x64.ActiveCfg = RelWithDebInfo|x64
		{F6B42AF0-D165-3C8A-8A37-982360DCBBC2}.RelWithDebInfo|x64.Build.0 = RelWithDebInfo|x64
	EndGlobalSection
	GlobalSection(SolutionProperties) = preSolution
		HideSolutionNode = FALSE
	EndGlobalSection
	GlobalSection(ExtensibilityGlobals) = postSolution
		SolutionGuid = {E3155009-34B0-40A7-831D-74D5781AE61C}
	EndGlobalSection
EndGlobal
